{
  "name": "@basjkorbee/sveltekit-adapter-firebase",
  "version": "0.0.1",
  "lockfileVersion": 3,
  "requires": true,
  "packages": {
    "": {
      "name": "@basjkorbee/sveltekit-adapter-firebase",
      "version": "0.0.1",
      "license": "MIT",
      "dependencies": {
        "@basjkorbee/sveltekit-adapter-firebase": "^0.0.1"
      }
    },
    "node_modules/@basjkorbee/sveltekit-adapter-firebase": {
      "version": "0.0.1",
      "resolved": "https://registry.npmjs.org/@basjkorbee/sveltekit-adapter-firebase/-/sveltekit-adapter-firebase-0.0.1.tgz",
      "integrity": "sha512-xyQnsIctGYZyRbSHrcjFMN7KyiBeuuQsLIvmAJLr5amHviDvso7sGLa+D0HJnPpJE3LernDyKhKeYFjxcVNWAg=="
    }
  }
}
